// !$*UTF8*$!
{
	archiveVersion = 1;
	classes = {
	};
	objectVersion = 50;
	objects = {

/* Begin PBXBuildFile section */
		7F22196523E0C64F00F521B9 /* AppDelegate.swift in Sources */ = {isa = PBXBuildFile; fileRef = 7F22196423E0C64F00F521B9 /* AppDelegate.swift */; };
		7F22196723E0C64F00F521B9 /* ViewController.swift in Sources */ = {isa = PBXBuildFile; fileRef = 7F22196623E0C64F00F521B9 /* ViewController.swift */; };
		7F22196A23E0C64F00F521B9 /* Main.storyboard in Resources */ = {isa = PBXBuildFile; fileRef = 7F22196823E0C64F00F521B9 /* Main.storyboard */; };
		7F22196C23E0C65000F521B9 /* Assets.xcassets in Resources */ = {isa = PBXBuildFile; fileRef = 7F22196B23E0C65000F521B9 /* Assets.xcassets */; };
		7F22196F23E0C65000F521B9 /* LaunchScreen.storyboard in Resources */ = {isa = PBXBuildFile; fileRef = 7F22196D23E0C65000F521B9 /* LaunchScreen.storyboard */; };
		7F22197A23E0C65000F521B9 /* Hackwich2Tests.swift in Sources */ = {isa = PBXBuildFile; fileRef = 7F22197923E0C65000F521B9 /* Hackwich2Tests.swift */; };
		7F22198523E0C65100F521B9 /* Hackwich2UITests.swift in Sources */ = {isa = PBXBuildFile; fileRef = 7F22198423E0C65100F521B9 /* Hackwich2UITests.swift */; };
		7FBD7C9B23E36E7B002619BD /* secondViewController.swift in Sources */ = {isa = PBXBuildFile; fileRef = 7FBD7C9A23E36E7B002619BD /* secondViewController.swift */; };
/* End PBXBuildFile section */

/* Begin PBXContainerItemProxy section */
		7F22197623E0C65000F521B9 /* PBXContainerItemProxy */ = {
			isa = PBXContainerItemProxy;
			containerPortal = 7F22195923E0C64F00F521B9 /* Project object */;
			proxyType = 1;
			remoteGlobalIDString = 7F22196023E0C64F00F521B9;
			remoteInfo = Hackwich2;
		};
		7F22198123E0C65100F521B9 /* PBXContainerItemProxy */ = {
			isa = PBXContainerItemProxy;
			containerPortal = 7F22195923E0C64F00F521B9 /* Project object */;
			proxyType = 1;
			remoteGlobalIDString = 7F22196023E0C64F00F521B9;
			remoteInfo = Hackwich2;
		};
/* End PBXContainerItemProxy section */

/* Begin PBXFileReference section */
		7F22196123E0C64F00F521B9 /* Hackwich2.app */ = {isa = PBXFileReference; explicitFileType = wrapper.application; includeInIndex = 0; path = Hackwich2.app; sourceTree = BUILT_PRODUCTS_DIR; };
		7F22196423E0C64F00F521B9 /* AppDelegate.swift */ = {isa = PBXFileReference; lastKnownFileType = sourcecode.swift; path = AppDelegate.swift; sourceTree = "<group>"; };
		7F22196623E0C64F00F521B9 /* ViewController.swift */ = {isa = PBXFileReference; lastKnownFileType = sourcecode.swift; path = ViewController.swift; sourceTree = "<group>"; };
		7F22196923E0C64F00F521B9 /* Base */ = {isa = PBXFileReference; lastKnownFileType = file.storyboard; name = Base; path = Base.lproj/Main.storyboard; sourceTree = "<group>"; };
		7F22196B23E0C65000F521B9 /* Assets.xcassets */ = {isa = PBXFileReference; lastKnownFileType = folder.assetcatalog; path = Assets.xcassets; sourceTree = "<group>"; };
		7F22196E23E0C65000F521B9 /* Base */ = {isa = PBXFileReference; lastKnownFileType = file.storyboard; name = Base; path = Base.lproj/LaunchScreen.storyboard; sourceTree = "<group>"; };
		7F22197023E0C65000F521B9 /* Info.plist */ = {isa = PBXFileReference; lastKnownFileType = text.plist.xml; path = Info.plist; sourceTree = "<group>"; };
		7F22197523E0C65000F521B9 /* Hackwich2Tests.xctest */ = {isa = PBXFileReference; explicitFileType = wrapper.cfbundle; includeInIndex = 0; path = Hackwich2Tests.xctest; sourceTree = BUILT_PRODUCTS_DIR; };
		7F22197923E0C65000F521B9 /* Hackwich2Tests.swift */ = {isa = PBXFileReference; lastKnownFileType = sourcecode.swift; path = Hackwich2Tests.swift; sourceTree = "<group>"; };
		7F22197B23E0C65100F521B9 /* Info.plist */ = {isa = PBXFileReference; lastKnownFileType = text.plist.xml; path = Info.plist; sourceTree = "<group>"; };
		7F22198023E0C65100F521B9 /* Hackwich2UITests.xctest */ = {isa = PBXFileReference; explicitFileType = wrapper.cfbundle; includeInIndex = 0; path = Hackwich2UITests.xctest; sourceTree = BUILT_PRODUCTS_DIR; };
		7F22198423E0C65100F521B9 /* Hackwich2UITests.swift */ = {isa = PBXFileReference; lastKnownFileType = sourcecode.swift; path = Hackwich2UITests.swift; sourceTree = "<group>"; };
		7F22198623E0C65100F521B9 /* Info.plist */ = {isa = PBXFileReference; lastKnownFileType = text.plist.xml; path = Info.plist; sourceTree = "<group>"; };
		7FBD7C9A23E36E7B002619BD /* secondViewController.swift */ = {isa = PBXFileReference; lastKnownFileType = sourcecode.swift; path = secondViewController.swift; sourceTree = "<group>"; };
/* End PBXFileReference section */

/* Begin PBXFrameworksBuildPhase section */
		7F22195E23E0C64F00F521B9 /* Frameworks */ = {
			isa = PBXFrameworksBuildPhase;
			buildActionMask = 2147483647;
			files = (
			);
			runOnlyForDeploymentPostprocessing = 0;
		};
		7F22197223E0C65000F521B9 /* Frameworks */ = {
			isa = PBXFrameworksBuildPhase;
			buildActionMask = 2147483647;
			files = (
			);
			runOnlyForDeploymentPostprocessing = 0;
		};
		7F22197D23E0C65100F521B9 /* Frameworks */ = {
			isa = PBXFrameworksBuildPhase;
			buildActionMask = 2147483647;
			files = (
			);
			runOnlyForDeploymentPostprocessing = 0;
		};
/* End PBXFrameworksBuildPhase section */

/* Begin PBXGroup section */
		7F22195823E0C64F00F521B9 = {
			isa = PBXGroup;
			children = (
				7F22196323E0C64F00F521B9 /* Hackwich2 */,
				7F22197823E0C65000F521B9 /* Hackwich2Tests */,
				7F22198323E0C65100F521B9 /* Hackwich2UITests */,
				7F22196223E0C64F00F521B9 /* Products */,
			);
			sourceTree = "<group>";
		};
		7F22196223E0C64F00F521B9 /* Products */ = {
			isa = PBXGroup;
			children = (
				7F22196123E0C64F00F521B9 /* Hackwich2.app */,
				7F22197523E0C65000F521B9 /* Hackwich2Tests.xctest */,
				7F22198023E0C65100F521B9 /* Hackwich2UITests.xctest */,
			);
			name = Products;
			sourceTree = "<group>";
		};
		7F22196323E0C64F00F521B9 /* Hackwich2 */ = {
			isa = PBXGroup;
			children = (
				7F22196423E0C64F00F521B9 /* AppDelegate.swift */,
				7F22196623E0C64F00F521B9 /* ViewController.swift */,
				7F22196823E0C64F00F521B9 /* Main.storyboard */,
				7FBD7C9A23E36E7B002619BD /* secondViewController.swift */,
				7F22196B23E0C65000F521B9 /* Assets.xcassets */,
				7F22196D23E0C65000F521B9 /* LaunchScreen.storyboard */,
				7F22197023E0C65000F521B9 /* Info.plist */,
			);
			path = Hackwich2;
			sourceTree = "<group>";
		};
		7F22197823E0C65000F521B9 /* Hackwich2Tests */ = {
			isa = PBXGroup;
			children = (
				7F22197923E0C65000F521B9 /* Hackwich2Tests.swift */,
				7F22197B23E0C65100F521B9 /* Info.plist */,
			);
			path = Hackwich2Tests;
			sourceTree = "<group>";
		};
		7F22198323E0C65100F521B9 /* Hackwich2UITests */ = {
			isa = PBXGroup;
			children = (
				7F22198423E0C65100F521B9 /* Hackwich2UITests.swift */,
				7F22198623E0C65100F521B9 /* Info.plist */,
			);
			path = Hackwich2UITests;
			sourceTree = "<group>";
		};
/* End PBXGroup section */

/* Begin PBXNativeTarget section */
		7F22196023E0C64F00F521B9 /* Hackwich2 */ = {
			isa = PBXNativeTarget;
			buildConfigurationList = 7F22198923E0C65100F521B9 /* Build configuration list for PBXNativeTarget "Hackwich2" */;
			buildPhases = (
				7F22195D23E0C64F00F521B9 /* Sources */,
				7F22195E23E0C64F00F521B9 /* Frameworks */,
				7F22195F23E0C64F00F521B9 /* Resources */,
			);
			buildRules = (
			);
			dependencies = (
			);
			name = Hackwich2;
			productName = Hackwich2;
			productReference = 7F22196123E0C64F00F521B9 /* Hackwich2.app */;
			productType = "com.apple.product-type.application";
		};
		7F22197423E0C65000F521B9 /* Hackwich2Tests */ = {
			isa = PBXNativeTarget;
			buildConfigurationList = 7F22198C23E0C65100F521B9 /* Build configuration list for PBXNativeTarget "Hackwich2Tests" */;
			buildPhases = (
				7F22197123E0C65000F521B9 /* Sources */,
				7F22197223E0C65000F521B9 /* Frameworks */,
				7F22197323E0C65000F521B9 /* Resources */,
			);
			buildRules = (
			);
			dependencies = (
				7F22197723E0C65000F521B9 /* PBXTargetDependency */,
			);
			name = Hackwich2Tests;
			productName = Hackwich2Tests;
			productReference = 7F22197523E0C65000F521B9 /* Hackwich2Tests.xctest */;
			productType = "com.apple.product-type.bundle.unit-test";
		};
		7F22197F23E0C65100F521B9 /* Hackwich2UITests */ = {
			isa = PBXNativeTarget;
			buildConfigurationList = 7F22198F23E0C65100F521B9 /* Build configuration list for PBXNativeTarget "Hackwich2UITests" */;
			buildPhases = (
				7F22197C23E0C65100F521B9 /* Sources */,
				7F22197D23E0C65100F521B9 /* Frameworks */,
				7F22197E23E0C65100F521B9 /* Resources */,
			);
			buildRules = (
			);
			dependencies = (
				7F22198223E0C65100F521B9 /* PBXTargetDependency */,
			);
			name = Hackwich2UITests;
			productName = Hackwich2UITests;
			productReference = 7F22198023E0C65100F521B9 /* Hackwich2UITests.xctest */;
			productType = "com.apple.product-type.bundle.ui-testing";
		};
/* End PBXNativeTarget section */

/* Begin PBXProject section */
		7F22195923E0C64F00F521B9 /* Project object */ = {
			isa = PBXProject;
			attributes = {
				LastSwiftUpdateCheck = 1010;
				LastUpgradeCheck = 1010;
				ORGANIZATIONNAME = "CM Student";
				TargetAttributes = {
					7F22196023E0C64F00F521B9 = {
						CreatedOnToolsVersion = 10.1;
					};
					7F22197423E0C65000F521B9 = {
						CreatedOnToolsVersion = 10.1;
						TestTargetID = 7F22196023E0C64F00F521B9;
					};
					7F22197F23E0C65100F521B9 = {
						CreatedOnToolsVersion = 10.1;
						TestTargetID = 7F22196023E0C64F00F521B9;
					};
				};
			};
			buildConfigurationList = 7F22195C23E0C64F00F521B9 /* Build configuration list for PBXProject "Hackwich2" */;
			compatibilityVersion = "Xcode 9.3";
			developmentRegion = en;
			hasScannedForEncodings = 0;
			knownRegions = (
				en,
				Base,
			);
			mainGroup = 7F22195823E0C64F00F521B9;
			productRefGroup = 7F22196223E0C64F00F521B9 /* Products */;
			projectDirPath = "";
			projectRoot = "";
			targets = (
				7F22196023E0C64F00F521B9 /* Hackwich2 */,
				7F22197423E0C65000F521B9 /* Hackwich2Tests */,
				7F22197F23E0C65100F521B9 /* Hackwich2UITests */,
			);
		};
/* End PBXProject section */

/* Begin PBXResourcesBuildPhase section */
		7F22195F23E0C64F00F521B9 /* Resources */ = {
			isa = PBXResourcesBuildPhase;
			buildActionMask = 2147483647;
			files = (
				7F22196F23E0C65000F521B9 /* LaunchScreen.storyboard in Resources */,
				7F22196C23E0C65000F521B9 /* Assets.xcassets in Resources */,
				7F22196A23E0C64F00F521B9 /* Main.storyboard in Resources */,
			);
			runOnlyForDeploymentPostprocessing = 0;
		};
		7F22197323E0C65000F521B9 /* Resources */ = {
			isa = PBXResourcesBuildPhase;
			buildActionMask = 2147483647;
			files = (
			);
			runOnlyForDeploymentPostprocessing = 0;
		};
		7F22197E23E0C65100F521B9 /* Resources */ = {
			isa = PBXResourcesBuildPhase;
			buildActionMask = 2147483647;
			files = (
			);
			runOnlyForDeploymentPostprocessing = 0;
		};
/* End PBXResourcesBuildPhase section */

/* Begin PBXSourcesBuildPhase section */
		7F22195D23E0C64F00F521B9 /* Sources */ = {
			isa = PBXSourcesBuildPhase;
			buildActionMask = 2147483647;
			files = (
				7F22196723E0C64F00F521B9 /* ViewController.swift in Sources */,
				7FBD7C9B23E36E7B002619BD /* secondViewController.swift in Sources */,
				7F22196523E0C64F00F521B9 /* AppDelegate.swift in Sources */,
			);
			runOnlyForDeploymentPostprocessing = 0;
		};
		7F22197123E0C65000F521B9 /* Sources */ = {
			isa = PBXSourcesBuildPhase;
			buildActionMask = 2147483647;
			files = (
				7F22197A23E0C65000F521B9 /* Hackwich2Tests.swift in Sources */,
			);
			runOnlyForDeploymentPostprocessing = 0;
		};
		7F22197C23E0C65100F521B9 /* Sources */ = {
			isa = PBXSourcesBuildPhase;
			buildActionMask = 2147483647;
			files = (
				7F22198523E0C65100F521B9 /* Hackwich2UITests.swift in Sources */,
			);
			runOnlyForDeploymentPostprocessing = 0;
		};
/* End PBXSourcesBuildPhase section */

/* Begin PBXTargetDependency section */
		7F22197723E0C65000F521B9 /* PBXTargetDependency */ = {
			isa = PBXTargetDependency;
			target = 7F22196023E0C64F00F521B9 /* Hackwich2 */;
			targetProxy = 7F22197623E0C65000F521B9 /* PBXContainerItemProxy */;
		};
		7F22198223E0C65100F521B9 /* PBXTargetDependency */ = {
			isa = PBXTargetDependency;
			target = 7F22196023E0C64F00F521B9 /* Hackwich2 */;
			targetProxy = 7F22198123E0C65100F521B9 /* PBXContainerItemProxy */;
		};
/* End PBXTargetDependency section */

/* Begin PBXVariantGroup section */
		7F22196823E0C64F00F521B9 /* Main.storyboard */ = {
			isa = PBXVariantGroup;
			children = (
				7F22196923E0C64F00F521B9 /* Base */,
			);
			name = Main.storyboard;
			sourceTree = "<group>";
		};
		7F22196D23E0C65000F521B9 /* LaunchScreen.storyboard */ = {
			isa = PBXVariantGroup;
			children = (
				7F22196E23E0C65000F521B9 /* Base */,
			);
			name = LaunchScreen.storyboard;
			sourceTree = "<group>";
		};
/* End PBXVariantGroup section */

/* Begin XCBuildConfiguration section */
		7F22198723E0C65100F521B9 /* Debug */ = {
			isa = XCBuildConfiguration;
			buildSettings = {
				ALWAYS_SEARCH_USER_PATHS = NO;
				CLANG_ANALYZER_NONNULL = YES;
				CLANG_ANALYZER_NUMBER_OBJECT_CONVERSION = YES_AGGRESSIVE;
				CLANG_CXX_LANGUAGE_STANDARD = "gnu++14";
				CLANG_CXX_LIBRARY = "libc++";
				CLANG_ENABLE_MODULES = YES;
				CLANG_ENABLE_OBJC_ARC = YES;
				CLANG_ENABLE_OBJC_WEAK = YES;
				CLANG_WARN_BLOCK_CAPTURE_AUTORELEASING = YES;
				CLANG_WARN_BOOL_CONVERSION = YES;
				CLANG_WARN_COMMA = YES;
				CLANG_WARN_CONSTANT_CONVERSION = YES;
				CLANG_WARN_DEPRECATED_OBJC_IMPLEMENTATIONS = YES;
				CLANG_WARN_DIRECT_OBJC_ISA_USAGE = YES_ERROR;
				CLANG_WARN_DOCUMENTATION_COMMENTS = YES;
				CLANG_WARN_EMPTY_BODY = YES;
				CLANG_WARN_ENUM_CONVERSION = YES;
				CLANG_WARN_INFINITE_RECURSION = YES;
				CLANG_WARN_INT_CONVERSION = YES;
				CLANG_WARN_NON_LITERAL_NULL_CONVERSION = YES;
				CLANG_WARN_OBJC_IMPLICIT_RETAIN_SELF = YES;
				CLANG_WARN_OBJC_LITERAL_CONVERSION = YES;
				CLANG_WARN_OBJC_ROOT_CLASS = YES_ERROR;
				CLANG_WARN_RANGE_LOOP_ANALYSIS = YES;
				CLANG_WARN_STRICT_PROTOTYPES = YES;
				CLANG_WARN_SUSPICIOUS_MOVE = YES;
				CLANG_WARN_UNGUARDED_AVAILABILITY = YES_AGGRESSIVE;
				CLANG_WARN_UNREACHABLE_CODE = YES;
				CLANG_WARN__DUPLICATE_METHOD_MATCH = YES;
				CODE_SIGN_IDENTITY = "iPhone Developer";
				COPY_PHASE_STRIP = NO;
				DEBUG_INFORMATION_FORMAT = dwarf;
				ENABLE_STRICT_OBJC_MSGSEND = YES;
				ENABLE_TESTABILITY = YES;
				GCC_C_LANGUAGE_STANDARD = gnu11;
				GCC_DYNAMIC_NO_PIC = NO;
				GCC_NO_COMMON_BLOCKS = YES;
				GCC_OPTIMIZATION_LEVEL = 0;
				GCC_PREPROCESSOR_DEFINITIONS = (
					"DEBUG=1",
					"$(inherited)",
				);
				GCC_WARN_64_TO_32_BIT_CONVERSION = YES;
				GCC_WARN_ABOUT_RETURN_TYPE = YES_ERROR;
				GCC_WARN_UNDECLARED_SELECTOR = YES;
				GCC_WARN_UNINITIALIZED_AUTOS = YES_AGGRESSIVE;
				GCC_WARN_UNUSED_FUNCTION = YES;
				GCC_WARN_UNUSED_VARIABLE = YES;
				IPHONEOS_DEPLOYMENT_TARGET = 12.1;
				MTL_ENABLE_DEBUG_INFO = INCLUDE_SOURCE;
				MTL_FAST_MATH = YES;
				ONLY_ACTIVE_ARCH = YES;
				SDKROOT = iphoneos;
				SWIFT_ACTIVE_COMPILATION_CONDITIONS = DEBUG;
				SWIFT_OPTIMIZATION_LEVEL = "-Onone";
			};
			name = Debug;
		};
		7F22198823E0C65100F521B9 /* Release */ = {
			isa = XCBuildConfiguration;
			buildSettings = {
				ALWAYS_SEARCH_USER_PATHS = NO;
				CLANG_ANALYZER_NONNULL = YES;
				CLANG_ANALYZER_NUMBER_OBJECT_CONVERSION = YES_AGGRESSIVE;
				CLANG_CXX_LANGUAGE_STANDARD = "gnu++14";
				CLANG_CXX_LIBRARY = "libc++";
				CLANG_ENABLE_MODULES = YES;
				CLANG_ENABLE_OBJC_ARC = YES;
				CLANG_ENABLE_OBJC_WEAK = YES;
				CLANG_WARN_BLOCK_CAPTURE_AUTORELEASING = YES;
				CLANG_WARN_BOOL_CONVERSION = YES;
				CLANG_WARN_COMMA = YES;
				CLANG_WARN_CONSTANT_CONVERSION = YES;
				CLANG_WARN_DEPRECATED_OBJC_IMPLEMENTATIONS = YES;
				CLANG_WARN_DIRECT_OBJC_ISA_USAGE = YES_ERROR;
				CLANG_WARN_DOCUMENTATION_COMMENTS = YES;
				CLANG_WARN_EMPTY_BODY = YES;
				CLANG_WARN_ENUM_CONVERSION = YES;
				CLANG_WARN_INFINITE_RECURSION = YES;
				CLANG_WARN_INT_CONVERSION = YES;
				CLANG_WARN_NON_LITERAL_NULL_CONVERSION = YES;
				CLANG_WARN_OBJC_IMPLICIT_RETAIN_SELF = YES;
				CLANG_WARN_OBJC_LITERAL_CONVERSION = YES;
				CLANG_WARN_OBJC_ROOT_CLASS = YES_ERROR;
				CLANG_WARN_RANGE_LOOP_ANALYSIS = YES;
				CLANG_WARN_STRICT_PROTOTYPES = YES;
				CLANG_WARN_SUSPICIOUS_MOVE = YES;
				CLANG_WARN_UNGUARDED_AVAILABILITY = YES_AGGRESSIVE;
				CLANG_WARN_UNREACHABLE_CODE = YES;
				CLANG_WARN__DUPLICATE_METHOD_MATCH = YES;
				CODE_SIGN_IDENTITY = "iPhone Developer";
				COPY_PHASE_STRIP = NO;
				DEBUG_INFORMATION_FORMAT = "dwarf-with-dsym";
				ENABLE_NS_ASSERTIONS = NO;
				ENABLE_STRICT_OBJC_MSGSEND = YES;
				GCC_C_LANGUAGE_STANDARD = gnu11;
				GCC_NO_COMMON_BLOCKS = YES;
				GCC_WARN_64_TO_32_BIT_CONVERSION = YES;
				GCC_WARN_ABOUT_RETURN_TYPE = YES_ERROR;
				GCC_WARN_UNDECLARED_SELECTOR = YES;
				GCC_WARN_UNINITIALIZED_AUTOS = YES_AGGRESSIVE;
				GCC_WARN_UNUSED_FUNCTION = YES;
				GCC_WARN_UNUSED_VARIABLE = YES;
				IPHONEOS_DEPLOYMENT_TARGET = 12.1;
				MTL_ENABLE_DEBUG_INFO = NO;
				MTL_FAST_MATH = YES;
				SDKROOT = iphoneos;
				SWIFT_COMPILATION_MODE = wholemodule;
				SWIFT_OPTIMIZATION_LEVEL = "-O";
				VALIDATE_PRODUCT = YES;
			};
			name = Release;
		};
		7F22198A23E0C65100F521B9 /* Debug */ = {
			isa = XCBuildConfiguration;
			buildSettings = {
				ASSETCATALOG_COMPILER_APPICON_NAME = AppIcon;
				CODE_SIGN_STYLE = Automatic;
				DEVELOPMENT_TEAM = 9UJC7DCV7J;
				INFOPLIST_FILE = Hackwich2/Info.plist;
				LD_RUNPATH_SEARCH_PATHS = (
					"$(inherited)",
					"@executable_path/Frameworks",
				);
				PRODUCT_BUNDLE_IDENTIFIER = uhwo.Hackwich2;
				PRODUCT_NAME = "$(TARGET_NAME)";
				SWIFT_VERSION = 4.2;
				TARGETED_DEVICE_FAMILY = "1,2";
			};
			name = Debug;
		};
		7F22198B23E0C65100F521B9 /* Release */ = {
			isa = XCBuildConfiguration;
			buildSettings = {
				ASSETCATALOG_COMPILER_APPICON_NAME = AppIcon;
				CODE_SIGN_STYLE = Automatic;
				DEVELOPMENT_TEAM = 9UJC7DCV7J;
				INFOPLIST_FILE = Hackwich2/Info.plist;
				LD_RUNPATH_SEARCH_PATHS = (
					"$(inherited)",
					"@executable_path/Frameworks",
				);
				PRODUCT_BUNDLE_IDENTIFIER = uhwo.Hackwich2;
				PRODUCT_NAME = "$(TARGET_NAME)";
				SWIFT_VERSION = 4.2;
				TARGETED_DEVICE_FAMILY = "1,2";
			};
			name = Release;
		};
		7F22198D23E0C65100F521B9 /* Debug */ = {
			isa = XCBuildConfiguration;
			buildSettings = {
				ALWAYS_EMBED_SWIFT_STANDARD_LIBRARIES = YES;
				BUNDLE_LOADER = "$(TEST_HOST)";
				CODE_SIGN_STYLE = Automatic;
				DEVELOPMENT_TEAM = 9UJC7DCV7J;
				INFOPLIST_FILE = Hackwich2Tests/Info.plist;
				LD_RUNPATH_SEARCH_PATHS = (
					"$(inherited)",
					"@executable_path/Frameworks",
					"@loader_path/Frameworks",
				);
				PRODUCT_BUNDLE_IDENTIFIER = uhwo.Hackwich2Tests;
				PRODUCT_NAME = "$(TARGET_NAME)";
				SWIFT_VERSION = 4.2;
				TARGETED_DEVICE_FAMILY = "1,2";
				TEST_HOST = "$(BUILT_PRODUCTS_DIR)/Hackwich2.app/Hackwich2";
			};
			name = Debug;
		};
		7F22198E23E0C65100F521B9 /* Release */ = {
			isa = XCBuildConfiguration;
			buildSettings = {
				ALWAYS_EMBED_SWIFT_STANDARD_LIBRARIES = YES;
				BUNDLE_LOADER = "$(TEST_HOST)";
				CODE_SIGN_STYLE = Automatic;
				DEVELOPMENT_TEAM = 9UJC7DCV7J;
				INFOPLIST_FILE = Hackwich2Tests/Info.plist;
				LD_RUNPATH_SEARCH_PATHS = (
					"$(inherited)",
					"@executable_path/Frameworks",
					"@loader_path/Frameworks",
				);
				PRODUCT_BUNDLE_IDENTIFIER = uhwo.Hackwich2Tests;
				PRODUCT_NAME = "$(TARGET_NAME)";
				SWIFT_VERSION = 4.2;
				TARGETED_DEVICE_FAMILY = "1,2";
				TEST_HOST = "$(BUILT_PRODUCTS_DIR)/Hackwich2.app/Hackwich2";
			};
			name = Release;
		};
		7F22199023E0C65100F521B9 /* Debug */ = {
			isa = XCBuildConfiguration;
			buildSettings = {
				ALWAYS_EMBED_SWIFT_STANDARD_LIBRARIES = YES;
				CODE_SIGN_STYLE = Automatic;
				DEVELOPMENT_TEAM = 9UJC7DCV7J;
				INFOPLIST_FILE = Hackwich2UITests/Info.plist;
				LD_RUNPATH_SEARCH_PATHS = (
					"$(inherited)",
					"@executable_path/Frameworks",
					"@loader_path/Frameworks",
				);
				PRODUCT_BUNDLE_IDENTIFIER = uhwo.Hackwich2UITests;
				PRODUCT_NAME = "$(TARGET_NAME)";
				SWIFT_VERSION = 4.2;
				TARGETED_DEVICE_FAMILY = "1,2";
				TEST_TARGET_NAME = Hackwich2;
			};
			name = Debug;
		};
		7F22199123E0C65100F521B9 /* Release */ = {
			isa = XCBuildConfiguration;
			buildSettings = {
				ALWAYS_EMBED_SWIFT_STANDARD_LIBRARIES = YES;
				CODE_SIGN_STYLE = Automatic;
				DEVELOPMENT_TEAM = 9UJC7DCV7J;
				INFOPLIST_FILE = Hackwich2UITests/Info.plist;
				LD_RUNPATH_SEARCH_PATHS = (
					"$(inherited)",
					"@executable_path/Frameworks",
					"@loader_path/Frameworks",
				);
				PRODUCT_BUNDLE_IDENTIFIER = uhwo.Hackwich2UITests;
				PRODUCT_NAME = "$(TARGET_NAME)";
				SWIFT_VERSION = 4.2;
				TARGETED_DEVICE_FAMILY = "1,2";
				TEST_TARGET_NAME = Hackwich2;
			};
			name = Release;
		};
/* End XCBuildConfiguration section */

/* Begin XCConfigurationList section */
		7F22195C23E0C64F00F521B9 /* Build configuration list for PBXProject "Hackwich2" */ = {
			isa = XCConfigurationList;
			buildConfigurations = (
				7F22198723E0C65100F521B9 /* Debug */,
				7F22198823E0C65100F521B9 /* Release */,
			);
			defaultConfigurationIsVisible = 0;
			defaultConfigurationName = Release;
		};
		7F22198923E0C65100F521B9 /* Build configuration list for PBXNativeTarget "Hackwich2" */ = {
			isa = XCConfigurationList;
			buildConfigurations = (
				7F22198A23E0C65100F521B9 /* Debug */,
				7F22198B23E0C65100F521B9 /* Release */,
			);
			defaultConfigurationIsVisible = 0;
			defaultConfigurationName = Release;
		};
		7F22198C23E0C65100F521B9 /* Build configuration list for PBXNativeTarget "Hackwich2Tests" */ = {
			isa = XCConfigurationList;
			buildConfigurations = (
				7F22198D23E0C65100F521B9 /* Debug */,
				7F22198E23E0C65100F521B9 /* Release */,
			);
			defaultConfigurationIsVisible = 0;
			defaultConfigurationName = Release;
		};
		7F22198F23E0C65100F521B9 /* Build configuration list for PBXNativeTarget "Hackwich2UITests" */ = {
			isa = XCConfigurationList;
			buildConfigurations = (
				7F22199023E0C65100F521B9 /* Debug */,
				7F22199123E0C65100F521B9 /* Release */,
			);
			defaultConfigurationIsVisible = 0;
			defaultConfigurationName = Release;
		};
/* End XCConfigurationList section */
	};
	rootObject = 7F22195923E0C64F00F521B9 /* Project object */;
}
